
Microsoft Visual Studio Solution File, Format Version 12.00
# Visual Studio Version 16
VisualStudioVersion = 16.0.31112.23
MinimumVisualStudioVersion = 10.0.40219.1
Project("{FAE04EC0-301F-11D3-BF4B-00C04F79EFBC}") = "Ex1", "Ex1\Ex1.csproj", "{1DE894C2-ACD5-4149-8F9D-08223A2C41AE}"
EndProject
Project("{FAE04EC0-301F-11D3-BF4B-00C04F79EFBC}") = "NUTestsEx1", "NUTestsEx1\NUTestsEx1.csproj", "{46D11DDB-78EC-44C1-9776-65417F3DDF01}"
EndProject
Global
	GlobalSection(SolutionConfigurationPlatforms) = preSolution
		Debug|Any CPU = Debug|Any CPU
		Release|Any CPU = Release|Any CPU
	EndGlobalSection
	GlobalSection(ProjectConfigurationPlatforms) = postSolution
		{1DE894C2-ACD5-4149-8F9D-08223A2C41AE}.Debug|Any CPU.ActiveCfg = Debug|Any CPU
		{1DE894C2-ACD5-4149-8F9D-08223A2C41AE}.Debug|Any CPU.Build.0 = Debug|Any CPU
		{1DE894C2-ACD5-4149-8F9D-08223A2C41AE}.Release|Any CPU.ActiveCfg = Release|Any CPU
		{1DE894C2-ACD5-4149-8F9D-08223A2C41AE}.Release|Any CPU.Build.0 = Release|Any CPU
		{46D11DDB-78EC-44C1-9776-65417F3DDF01}.Debug|Any CPU.ActiveCfg = Debug|Any CPU
		{46D11DDB-78EC-44C1-9776-65417F3DDF01}.Debug|Any CPU.Build.0 = Debug|Any CPU
		{46D11DDB-78EC-44C1-9776-65417F3DDF01}.Release|Any CPU.ActiveCfg = Release|Any CPU
		{46D11DDB-78EC-44C1-9776-65417F3DDF01}.Release|Any CPU.Build.0 = Release|Any CPU
	EndGlobalSection
	GlobalSection(SolutionProperties) = preSolution
		HideSolutionNode = FALSE
	EndGlobalSection
	GlobalSection(ExtensibilityGlobals) = postSolution
		SolutionGuid = {59F3C21C-382B-4991-B456-09377AA2FC6A}
	EndGlobalSection
EndGlobal
